
Microsoft Visual Studio Solution File, Format Version 12.00
# Visual Studio Version 17
VisualStudioVersion = 17.14.36705.20 d17.14
MinimumVisualStudioVersion = 10.0.40219.1
Project("{FAE04EC0-301F-11D3-BF4B-00C04F79EFBC}") = "AspNetCoreWebAPIBackend_AngularFrontend_MSSQLDatabase", "AspNetCoreWebAPIBackend_AngularFrontend_MSSQLDatabase\AspNetCoreWebAPIBackend_AngularFrontend_MSSQLDatabase.csproj", "{269CF68C-582F-4093-8774-6756C8FC6009}"
EndProject
Global
	GlobalSection(SolutionConfigurationPlatforms) = preSolution
		Debug|Any CPU = Debug|Any CPU
		Release|Any CPU = Release|Any CPU
	EndGlobalSection
	GlobalSection(ProjectConfigurationPlatforms) = postSolution
		{269CF68C-582F-4093-8774-6756C8FC6009}.Debug|Any CPU.ActiveCfg = Debug|Any CPU
		{269CF68C-582F-4093-8774-6756C8FC6009}.Debug|Any CPU.Build.0 = Debug|Any CPU
		{269CF68C-582F-4093-8774-6756C8FC6009}.Release|Any CPU.ActiveCfg = Release|Any CPU
		{269CF68C-582F-4093-8774-6756C8FC6009}.Release|Any CPU.Build.0 = Release|Any CPU
	EndGlobalSection
	GlobalSection(SolutionProperties) = preSolution
		HideSolutionNode = FALSE
	EndGlobalSection
	GlobalSection(ExtensibilityGlobals) = postSolution
		SolutionGuid = {98436B52-8167-40FA-9453-0EEF386D74F1}
	EndGlobalSection
EndGlobal
